
Microsoft Visual Studio Solution File, Format Version 12.00
# Visual Studio Version 17
VisualStudioVersion = 17.13.35931.197 d17.13
MinimumVisualStudioVersion = 10.0.40219.1
Project("{FAE04EC0-301F-11D3-BF4B-00C04F79EFBC}") = "DelegatesDiscountApp", "DelegatesDiscountApp.csproj", "{F9BC7E55-82CF-491C-AA4B-C8536117FEEE}"
EndProject
Global
	GlobalSection(SolutionConfigurationPlatforms) = preSolution
		Debug|Any CPU = Debug|Any CPU
		Release|Any CPU = Release|Any CPU
	EndGlobalSection
	GlobalSection(ProjectConfigurationPlatforms) = postSolution
		{F9BC7E55-82CF-491C-AA4B-C8536117FEEE}.Debug|Any CPU.ActiveCfg = Debug|Any CPU
		{F9BC7E55-82CF-491C-AA4B-C8536117FEEE}.Debug|Any CPU.Build.0 = Debug|Any CPU
		{F9BC7E55-82CF-491C-AA4B-C8536117FEEE}.Release|Any CPU.ActiveCfg = Release|Any CPU
		{F9BC7E55-82CF-491C-AA4B-C8536117FEEE}.Release|Any CPU.Build.0 = Release|Any CPU
	EndGlobalSection
	GlobalSection(SolutionProperties) = preSolution
		HideSolutionNode = FALSE
	EndGlobalSection
	GlobalSection(ExtensibilityGlobals) = postSolution
		SolutionGuid = {09197E79-B976-42FC-A55B-CD28E7E83433}
	EndGlobalSection
EndGlobal
