
Microsoft Visual Studio Solution File, Format Version 12.00
# Visual Studio Version 17
VisualStudioVersion = 17.13.35931.197 d17.13
MinimumVisualStudioVersion = 10.0.40219.1
Project("{FAE04EC0-301F-11D3-BF4B-00C04F79EFBC}") = "DelegatesEncadeados", "DelegatesEncadeados.csproj", "{733A822D-8A1F-443F-863F-09AB69791AF9}"
EndProject
Global
	GlobalSection(SolutionConfigurationPlatforms) = preSolution
		Debug|Any CPU = Debug|Any CPU
		Release|Any CPU = Release|Any CPU
	EndGlobalSection
	GlobalSection(ProjectConfigurationPlatforms) = postSolution
		{733A822D-8A1F-443F-863F-09AB69791AF9}.Debug|Any CPU.ActiveCfg = Debug|Any CPU
		{733A822D-8A1F-443F-863F-09AB69791AF9}.Debug|Any CPU.Build.0 = Debug|Any CPU
		{733A822D-8A1F-443F-863F-09AB69791AF9}.Release|Any CPU.ActiveCfg = Release|Any CPU
		{733A822D-8A1F-443F-863F-09AB69791AF9}.Release|Any CPU.Build.0 = Release|Any CPU
	EndGlobalSection
	GlobalSection(SolutionProperties) = preSolution
		HideSolutionNode = FALSE
	EndGlobalSection
	GlobalSection(ExtensibilityGlobals) = postSolution
		SolutionGuid = {EF1D30E9-A770-41C6-9C54-F313E5B24649}
	EndGlobalSection
EndGlobal
